
Microsoft Visual Studio Solution File, Format Version 12.00
# Visual Studio Version 16
VisualStudioVersion = 16.0.32630.194
MinimumVisualStudioVersion = 10.0.40219.1
Project("{FAE04EC0-301F-11D3-BF4B-00C04F79EFBC}") = "TodoList.API", "TodoList.API\TodoList.API.csproj", "{B88AE7AD-9B15-4F1B-9CE2-10F50E47857E}"
EndProject
Global
	GlobalSection(SolutionConfigurationPlatforms) = preSolution
		Debug|Any CPU = Debug|Any CPU
		Release|Any CPU = Release|Any CPU
	EndGlobalSection
	GlobalSection(ProjectConfigurationPlatforms) = postSolution
		{B88AE7AD-9B15-4F1B-9CE2-10F50E47857E}.Debug|Any CPU.ActiveCfg = Debug|Any CPU
		{B88AE7AD-9B15-4F1B-9CE2-10F50E47857E}.Debug|Any CPU.Build.0 = Debug|Any CPU
		{B88AE7AD-9B15-4F1B-9CE2-10F50E47857E}.Release|Any CPU.ActiveCfg = Release|Any CPU
		{B88AE7AD-9B15-4F1B-9CE2-10F50E47857E}.Release|Any CPU.Build.0 = Release|Any CPU
	EndGlobalSection
	GlobalSection(SolutionProperties) = preSolution
		HideSolutionNode = FALSE
	EndGlobalSection
	GlobalSection(ExtensibilityGlobals) = postSolution
		SolutionGuid = {2BC0CEC4-23EC-4B07-85AC-9095CF71E2CC}
	EndGlobalSection
EndGlobal
